
Microsoft Visual Studio Solution File, Format Version 12.00
# Visual Studio Version 17
VisualStudioVersion = 17.10.34916.146
MinimumVisualStudioVersion = 10.0.40219.1
Project("{9A19103F-16F7-4668-BE54-9A1E7A4F7556}") = "OperacionesApp", "OperacionesApp\OperacionesApp.csproj", "{E21C1CD8-2BE1-47BB-BE5F-586362C927D7}"
EndProject
Project("{9A19103F-16F7-4668-BE54-9A1E7A4F7556}") = "PagesQ22024", "..\Repository_MAUI\PagesQ22024\PagesQ22024\PagesQ22024.csproj", "{20182281-A3E8-48CF-BF50-D1B808BEF601}"
EndProject
Global
	GlobalSection(SolutionConfigurationPlatforms) = preSolution
		Debug|Any CPU = Debug|Any CPU
		Release|Any CPU = Release|Any CPU
	EndGlobalSection
	GlobalSection(ProjectConfigurationPlatforms) = postSolution
		{E21C1CD8-2BE1-47BB-BE5F-586362C927D7}.Debug|Any CPU.ActiveCfg = Debug|Any CPU
		{E21C1CD8-2BE1-47BB-BE5F-586362C927D7}.Debug|Any CPU.Build.0 = Debug|Any CPU
		{E21C1CD8-2BE1-47BB-BE5F-586362C927D7}.Debug|Any CPU.Deploy.0 = Debug|Any CPU
		{E21C1CD8-2BE1-47BB-BE5F-586362C927D7}.Release|Any CPU.ActiveCfg = Release|Any CPU
		{E21C1CD8-2BE1-47BB-BE5F-586362C927D7}.Release|Any CPU.Build.0 = Release|Any CPU
		{E21C1CD8-2BE1-47BB-BE5F-586362C927D7}.Release|Any CPU.Deploy.0 = Release|Any CPU
		{20182281-A3E8-48CF-BF50-D1B808BEF601}.Debug|Any CPU.ActiveCfg = Debug|Any CPU
		{20182281-A3E8-48CF-BF50-D1B808BEF601}.Debug|Any CPU.Build.0 = Debug|Any CPU
		{20182281-A3E8-48CF-BF50-D1B808BEF601}.Debug|Any CPU.Deploy.0 = Debug|Any CPU
		{20182281-A3E8-48CF-BF50-D1B808BEF601}.Release|Any CPU.ActiveCfg = Release|Any CPU
		{20182281-A3E8-48CF-BF50-D1B808BEF601}.Release|Any CPU.Build.0 = Release|Any CPU
		{20182281-A3E8-48CF-BF50-D1B808BEF601}.Release|Any CPU.Deploy.0 = Release|Any CPU
	EndGlobalSection
	GlobalSection(SolutionProperties) = preSolution
		HideSolutionNode = FALSE
	EndGlobalSection
	GlobalSection(ExtensibilityGlobals) = postSolution
		SolutionGuid = {D6C19D24-2BD7-4723-8C1A-E1A05C5D8EE6}
	EndGlobalSection
EndGlobal
